
Microsoft Visual Studio Solution File, Format Version 12.00
# Visual Studio Version 16
VisualStudioVersion = 16.0.31205.134
MinimumVisualStudioVersion = 10.0.40219.1
Project("{9A19103F-16F7-4668-BE54-9A1E7A4F7556}") = "flagsmith-dotnet-client", "flagsmith-dotnet-client.csproj", "{BFFFDD95-776F-49E9-B647-4C527E9A0D5B}"
EndProject
Project("{2150E333-8FDC-42A3-9474-1A3956D46DE8}") = "Flagsmith-engine", "Flagsmith-engine", "{28F7ADEC-83A8-438D-BA32-E43D143AB02E}"
EndProject
Project("{9A19103F-16F7-4668-BE54-9A1E7A4F7556}") = "FlagsmithEngine", "..\Flagsmith-engine\FlagsmithEngine.csproj", "{A190D4D9-C189-40C7-B3FA-0A8A6DD61C85}"
EndProject
Project("{9A19103F-16F7-4668-BE54-9A1E7A4F7556}") = "EngineTest", "..\EngineTest\EngineTest.csproj", "{F15867D9-1EC9-4C82-B731-DE6665AA3FB7}"
EndProject
Global
	GlobalSection(SolutionConfigurationPlatforms) = preSolution
		Debug|Any CPU = Debug|Any CPU
		Release|Any CPU = Release|Any CPU
	EndGlobalSection
	GlobalSection(ProjectConfigurationPlatforms) = postSolution
		{BFFFDD95-776F-49E9-B647-4C527E9A0D5B}.Debug|Any CPU.ActiveCfg = Debug|Any CPU
		{BFFFDD95-776F-49E9-B647-4C527E9A0D5B}.Debug|Any CPU.Build.0 = Debug|Any CPU
		{BFFFDD95-776F-49E9-B647-4C527E9A0D5B}.Release|Any CPU.ActiveCfg = Release|Any CPU
		{BFFFDD95-776F-49E9-B647-4C527E9A0D5B}.Release|Any CPU.Build.0 = Release|Any CPU
		{A190D4D9-C189-40C7-B3FA-0A8A6DD61C85}.Debug|Any CPU.ActiveCfg = Debug|Any CPU
		{A190D4D9-C189-40C7-B3FA-0A8A6DD61C85}.Debug|Any CPU.Build.0 = Debug|Any CPU
		{A190D4D9-C189-40C7-B3FA-0A8A6DD61C85}.Release|Any CPU.ActiveCfg = Release|Any CPU
		{A190D4D9-C189-40C7-B3FA-0A8A6DD61C85}.Release|Any CPU.Build.0 = Release|Any CPU
		{F15867D9-1EC9-4C82-B731-DE6665AA3FB7}.Debug|Any CPU.ActiveCfg = Debug|Any CPU
		{F15867D9-1EC9-4C82-B731-DE6665AA3FB7}.Debug|Any CPU.Build.0 = Debug|Any CPU
		{F15867D9-1EC9-4C82-B731-DE6665AA3FB7}.Release|Any CPU.ActiveCfg = Release|Any CPU
		{F15867D9-1EC9-4C82-B731-DE6665AA3FB7}.Release|Any CPU.Build.0 = Release|Any CPU
	EndGlobalSection
	GlobalSection(SolutionProperties) = preSolution
		HideSolutionNode = FALSE
	EndGlobalSection
	GlobalSection(NestedProjects) = preSolution
		{A190D4D9-C189-40C7-B3FA-0A8A6DD61C85} = {28F7ADEC-83A8-438D-BA32-E43D143AB02E}
		{F15867D9-1EC9-4C82-B731-DE6665AA3FB7} = {28F7ADEC-83A8-438D-BA32-E43D143AB02E}
	EndGlobalSection
	GlobalSection(ExtensibilityGlobals) = postSolution
		SolutionGuid = {4970AB8B-879D-4EE9-86BC-33649DB7277D}
	EndGlobalSection
EndGlobal
